{
  "name": "co2-emissions-audit",
  "version": "1.0.0",
  "lockfileVersion": 3,
  "requires": true,
  "packages": {
    "": {
      "name": "co2-emissions-audit",
      "version": "1.0.0",
      "license": "MIT",
      "dependencies": {
        "@tgwf/co2": "^0.16.6"
      }
    },
    "node_modules/@tgwf/co2": {
      "version": "0.16.6",
      "resolved": "https://registry.npmjs.org/@tgwf/co2/-/co2-0.16.6.tgz",
      "integrity": "sha512-WReiyh8S7KC963elYn57/p0bt/aZ2pfOt6oCnkOQzndgc/xCWVWAZdrk8mmgh/qGfM5MPG0/y+5qvDgK+DrEzg==",
      "license": "Apache-2.0",
      "engines": {
        "node": ">=14.0.0"
      }
    }
  }
}
